
Microsoft Visual Studio Solution File, Format Version 12.00
# Visual Studio Version 16
VisualStudioVersion = 16.0.29123.88
MinimumVisualStudioVersion = 10.0.40219.1
Project("{9A19103F-16F7-4668-BE54-9A1E7A4F7556}") = "QuickGraph.NETStandard", "QuickGraph.NETStandard\QuickGraph.NETStandard.csproj", "{43DE7780-92E3-46AB-904B-C45D6D596D75}"
EndProject
Project("{FAE04EC0-301F-11D3-BF4B-00C04F79EFBC}") = "SampleTest", "..\SampleTest\SampleTest.csproj", "{B975F122-9403-4E75-BC42-7F141974B365}"
EndProject
Global
	GlobalSection(SolutionConfigurationPlatforms) = preSolution
		Debug|Any CPU = Debug|Any CPU
		Release|Any CPU = Release|Any CPU
	EndGlobalSection
	GlobalSection(ProjectConfigurationPlatforms) = postSolution
		{43DE7780-92E3-46AB-904B-C45D6D596D75}.Debug|Any CPU.ActiveCfg = Debug|Any CPU
		{43DE7780-92E3-46AB-904B-C45D6D596D75}.Debug|Any CPU.Build.0 = Debug|Any CPU
		{43DE7780-92E3-46AB-904B-C45D6D596D75}.Release|Any CPU.ActiveCfg = Release|Any CPU
		{43DE7780-92E3-46AB-904B-C45D6D596D75}.Release|Any CPU.Build.0 = Release|Any CPU
		{B975F122-9403-4E75-BC42-7F141974B365}.Debug|Any CPU.ActiveCfg = Debug|Any CPU
		{B975F122-9403-4E75-BC42-7F141974B365}.Debug|Any CPU.Build.0 = Debug|Any CPU
		{B975F122-9403-4E75-BC42-7F141974B365}.Release|Any CPU.ActiveCfg = Release|Any CPU
		{B975F122-9403-4E75-BC42-7F141974B365}.Release|Any CPU.Build.0 = Release|Any CPU
	EndGlobalSection
	GlobalSection(SolutionProperties) = preSolution
		HideSolutionNode = FALSE
	EndGlobalSection
	GlobalSection(ExtensibilityGlobals) = postSolution
		SolutionGuid = {F6510D2E-E0A0-487B-A6DB-5EA5756B24B6}
	EndGlobalSection
EndGlobal
